<?xml version="1.0" encoding="utf-8"?>
<Project ToolsVersion="4.0" xmlns="http://schemas.microsoft.com/developer/msbuild/2003">
  <ItemGroup>
    <Filter Include="源文件">
      <UniqueIdentifier>{4FC737F1-C7A5-4376-A066-2A32D752A2FF}</UniqueIdentifier>
      <Extensions>cpp;c;cc;cxx;def;odl;idl;hpj;bat;asm;asmx</Extensions>
    </Filter>
    <Filter Include="头文件">
      <UniqueIdentifier>{93995380-89BD-4b04-88EB-625FBE52EBFB}</UniqueIdentifier>
      <Extensions>h;hh;hpp;hxx;hm;inl;inc;xsd</Extensions>
    </Filter>
    <Filter Include="资源文件">
      <UniqueIdentifier>{67DA6AB6-F800-4c08-8B7A-83BB121AAD01}</UniqueIdentifier>
      <Extensions>rc;ico;cur;bmp;dlg;rc2;rct;bin;rgs;gif;jpg;jpeg;jpe;resx;tiff;tif;png;wav;mfcribbon-ms</Extensions>
    </Filter>
    <Filter Include="CUDAPulseDopplerRadarDisplayAlgorithm">
      <UniqueIdentifier>{4d43379b-439b-4f21-8113-33443b5e4959}</UniqueIdentifier>
    </Filter>
    <Filter Include="CUDAPulseDopplerRadarDisplayAlgorithm\CUDAPulseDopplerRadarDisplayAlgorithmHeaderFile">
      <UniqueIdentifier>{7131628a-f6bb-4057-bef4-3bf05ba33757}</UniqueIdentifier>
    </Filter>
    <Filter Include="CUDAPulseDopplerRadarDisplayAlgorithm\CUDAPulseDopplerRadarDisplayAlgorithmSourceFile">
      <UniqueIdentifier>{4fd031b3-92e6-4869-9fcd-cf7edbe64404}</UniqueIdentifier>
    </Filter>
    <Filter Include="CUDAHeaderFile">
      <UniqueIdentifier>{63c9f257-6f04-4f71-8f55-f59e46b4f333}</UniqueIdentifier>
    </Filter>
    <Filter Include="CUDAHeaderFileOfHierarchy1DLL">
      <UniqueIdentifier>{4991ac71-4ce8-4f99-a160-4bc395148cc1}</UniqueIdentifier>
    </Filter>
    <Filter Include="资源文件\CUDALibFileOfHierarchy1DLL">
      <UniqueIdentifier>{3c4073b4-cf3d-498d-89e6-0b0aba17c761}</UniqueIdentifier>
    </Filter>
  </ItemGroup>
  <ItemGroup>
    <Text Include="ReadMe.txt" />
  </ItemGroup>
  <ItemGroup>
    <ClInclude Include="stdafx.h">
      <Filter>头文件</Filter>
    </ClInclude>
    <ClInclude Include="targetver.h">
      <Filter>头文件</Filter>
    </ClInclude>
    <ClInclude Include="..\CUDAHeaderFile\helper_cuda.h">
      <Filter>CUDAHeaderFile</Filter>
    </ClInclude>
    <ClInclude Include="..\CUDAHeaderFile\helper_string.h">
      <Filter>CUDAHeaderFile</Filter>
    </ClInclude>
    <ClInclude Include="CUDAPulseDopplerRadarDisplay.h">
      <Filter>头文件</Filter>
    </ClInclude>
    <ClInclude Include="..\CUDAHeaderFileOfHierarchy1DLL\CUDAMathematicsFoundationArithmeticCore.cuh">
      <Filter>CUDAHeaderFileOfHierarchy1DLL</Filter>
    </ClInclude>
    <ClInclude Include="..\CUDAPulseDopplerRadarDisplayAlgorithm\CUDAPulseDopplerRadarDisplayAlgorithmCore.cuh">
      <Filter>CUDAPulseDopplerRadarDisplayAlgorithm\CUDAPulseDopplerRadarDisplayAlgorithmHeaderFile</Filter>
    </ClInclude>
  </ItemGroup>
  <ItemGroup>
    <ClCompile Include="stdafx.cpp">
      <Filter>源文件</Filter>
    </ClCompile>
    <ClCompile Include="CUDAPulseDopplerRadarDisplay.cpp">
      <Filter>源文件</Filter>
    </ClCompile>
    <ClCompile Include="dllmain.cpp">
      <Filter>源文件</Filter>
    </ClCompile>
  </ItemGroup>
  <ItemGroup>
    <CudaCompile Include="..\CUDAPulseDopplerRadarDisplayAlgorithm\CUDAPulseDopplerRadarDisplayAlgorithmCore.cu">
      <Filter>CUDAPulseDopplerRadarDisplayAlgorithm\CUDAPulseDopplerRadarDisplayAlgorithmSourceFile</Filter>
    </CudaCompile>
  </ItemGroup>
  <ItemGroup>
    <Library Include="..\CUDALibFileOfHierarchy1DLL\CUDAMathematicsFoundationArithmetic.lib">
      <Filter>资源文件\CUDALibFileOfHierarchy1DLL</Filter>
    </Library>
  </ItemGroup>
</Project>