<?xml version="1.0" encoding="utf-8"?>
<Project ToolsVersion="4.0" xmlns="http://schemas.microsoft.com/developer/msbuild/2003">
  <ItemGroup>
    <Filter Include="源文件">
      <UniqueIdentifier>{4FC737F1-C7A5-4376-A066-2A32D752A2FF}</UniqueIdentifier>
      <Extensions>cpp;c;cc;cxx;def;odl;idl;hpj;bat;asm;asmx</Extensions>
    </Filter>
    <Filter Include="头文件">
      <UniqueIdentifier>{93995380-89BD-4b04-88EB-625FBE52EBFB}</UniqueIdentifier>
      <Extensions>h;hh;hpp;hxx;hm;inl;inc;xsd</Extensions>
    </Filter>
    <Filter Include="资源文件">
      <UniqueIdentifier>{67DA6AB6-F800-4c08-8B7A-83BB121AAD01}</UniqueIdentifier>
      <Extensions>rc;ico;cur;bmp;dlg;rc2;rct;bin;rgs;gif;jpg;jpeg;jpe;resx;tiff;tif;png;wav;mfcribbon-ms</Extensions>
    </Filter>
    <Filter Include="CUDAMatchFilterAlgorithm">
      <UniqueIdentifier>{3df00384-44cc-45c6-8644-9df8d58abd18}</UniqueIdentifier>
    </Filter>
    <Filter Include="CUDAHeaderFile">
      <UniqueIdentifier>{c5d6fae2-58aa-4f0c-94cf-cbaba2c74d4c}</UniqueIdentifier>
    </Filter>
    <Filter Include="CUDAHeaderFileOfHierarchy1DLL">
      <UniqueIdentifier>{151696c7-58dd-400a-96c5-f747aeac9b60}</UniqueIdentifier>
    </Filter>
    <Filter Include="CUDAMatchFilterAlgorithm\CUDAMatchFilterAlgorithmHeaderFile">
      <UniqueIdentifier>{9837018e-4665-44d0-b502-be8bd4baef4e}</UniqueIdentifier>
    </Filter>
    <Filter Include="CUDAMatchFilterAlgorithm\CUDAMatchFilterAlgorithmSourceFile">
      <UniqueIdentifier>{8edd5dc8-7f06-460e-b6d9-36db5e4e0dc3}</UniqueIdentifier>
    </Filter>
    <Filter Include="资源文件\CUDALibFileOfHierarchy1DLL">
      <UniqueIdentifier>{6b3a95f1-06a6-451f-9267-876765472d6e}</UniqueIdentifier>
    </Filter>
  </ItemGroup>
  <ItemGroup>
    <Text Include="ReadMe.txt" />
  </ItemGroup>
  <ItemGroup>
    <ClInclude Include="stdafx.h">
      <Filter>头文件</Filter>
    </ClInclude>
    <ClInclude Include="targetver.h">
      <Filter>头文件</Filter>
    </ClInclude>
    <ClInclude Include="CUDAMatchFilter.h">
      <Filter>头文件</Filter>
    </ClInclude>
    <ClInclude Include="..\CUDAHeaderFile\helper_cuda.h">
      <Filter>CUDAHeaderFile</Filter>
    </ClInclude>
    <ClInclude Include="..\CUDAHeaderFile\helper_string.h">
      <Filter>CUDAHeaderFile</Filter>
    </ClInclude>
    <ClInclude Include="..\CUDAHeaderFileOfHierarchy1DLL\CUDAMathematicsFoundationArithmeticCore.cuh">
      <Filter>CUDAHeaderFileOfHierarchy1DLL</Filter>
    </ClInclude>
    <ClInclude Include="..\CUDAMatchFilterAlgorithm\CUDAMatchFilterAlgorithmCore.cuh">
      <Filter>CUDAMatchFilterAlgorithm\CUDAMatchFilterAlgorithmHeaderFile</Filter>
    </ClInclude>
  </ItemGroup>
  <ItemGroup>
    <ClCompile Include="stdafx.cpp">
      <Filter>源文件</Filter>
    </ClCompile>
    <ClCompile Include="CUDAMatchFilter.cpp">
      <Filter>源文件</Filter>
    </ClCompile>
    <ClCompile Include="dllmain.cpp">
      <Filter>源文件</Filter>
    </ClCompile>
  </ItemGroup>
  <ItemGroup>
    <CudaCompile Include="..\CUDAMatchFilterAlgorithm\CUDAMatchFilterAlgorithmCore.cu">
      <Filter>CUDAMatchFilterAlgorithm\CUDAMatchFilterAlgorithmSourceFile</Filter>
    </CudaCompile>
  </ItemGroup>
  <ItemGroup>
    <Library Include="..\CUDALibFileOfHierarchy1DLL\CUDAMathematicsFoundationArithmetic.lib">
      <Filter>资源文件\CUDALibFileOfHierarchy1DLL</Filter>
    </Library>
  </ItemGroup>
</Project>