<?xml version="1.0" encoding="utf-8"?>
<Project ToolsVersion="4.0" xmlns="http://schemas.microsoft.com/developer/msbuild/2003">
  <ItemGroup>
    <Filter Include="源文件">
      <UniqueIdentifier>{4FC737F1-C7A5-4376-A066-2A32D752A2FF}</UniqueIdentifier>
      <Extensions>cpp;c;cc;cxx;def;odl;idl;hpj;bat;asm;asmx</Extensions>
    </Filter>
    <Filter Include="头文件">
      <UniqueIdentifier>{93995380-89BD-4b04-88EB-625FBE52EBFB}</UniqueIdentifier>
      <Extensions>h;hh;hpp;hxx;hm;inl;inc;xsd</Extensions>
    </Filter>
    <Filter Include="资源文件">
      <UniqueIdentifier>{67DA6AB6-F800-4c08-8B7A-83BB121AAD01}</UniqueIdentifier>
      <Extensions>rc;ico;cur;bmp;dlg;rc2;rct;bin;rgs;gif;jpg;jpeg;jpe;resx;tiff;tif;png;wav;mfcribbon-ms</Extensions>
    </Filter>
    <Filter Include="CUDAHeaderFile">
      <UniqueIdentifier>{6a021234-9908-4f02-a1ab-9ff116812977}</UniqueIdentifier>
    </Filter>
    <Filter Include="CUDAHeaderFileOfHierarchy1DLL">
      <UniqueIdentifier>{fc7b2851-400f-4faa-937d-a99f63c9d4d8}</UniqueIdentifier>
    </Filter>
    <Filter Include="资源文件\CUDALibFileOfHierarchy1DLL">
      <UniqueIdentifier>{8afeaf39-46d3-4009-aa53-3eeb13a9c47d}</UniqueIdentifier>
    </Filter>
    <Filter Include="CUDABasebandReceiverAmplifierSaturationAlgorithm">
      <UniqueIdentifier>{3c8146d1-93e5-484b-b9a7-c86a702f8942}</UniqueIdentifier>
    </Filter>
    <Filter Include="CUDABasebandReceiverAmplifierSaturationAlgorithm\CUDABasebandReceiverAmplifierSaturationAlgorithmHeaderFile">
      <UniqueIdentifier>{1ef88dd5-617e-406f-b051-b741d82a5a6b}</UniqueIdentifier>
    </Filter>
    <Filter Include="CUDABasebandReceiverAmplifierSaturationAlgorithm\CUDABasebandReceiverAmplifierSaturationAlgorithmSourceFile">
      <UniqueIdentifier>{bf3169f6-7524-4476-b4ac-56f7996caceb}</UniqueIdentifier>
    </Filter>
  </ItemGroup>
  <ItemGroup>
    <Text Include="ReadMe.txt" />
  </ItemGroup>
  <ItemGroup>
    <ClInclude Include="stdafx.h">
      <Filter>头文件</Filter>
    </ClInclude>
    <ClInclude Include="targetver.h">
      <Filter>头文件</Filter>
    </ClInclude>
    <ClInclude Include="CUDABasebandReceiverAmplifierSaturation.h">
      <Filter>头文件</Filter>
    </ClInclude>
    <ClInclude Include="..\CUDAHeaderFile\helper_cuda.h">
      <Filter>CUDAHeaderFile</Filter>
    </ClInclude>
    <ClInclude Include="..\CUDAHeaderFile\helper_string.h">
      <Filter>CUDAHeaderFile</Filter>
    </ClInclude>
    <ClInclude Include="..\CUDABasebandReceiverAmplifierSaturationAlgorithm\CUDABasebandReceiverAmplifierSaturationAlgorithmCore.cuh">
      <Filter>CUDABasebandReceiverAmplifierSaturationAlgorithm\CUDABasebandReceiverAmplifierSaturationAlgorithmHeaderFile</Filter>
    </ClInclude>
    <ClInclude Include="..\CUDAHeaderFileOfHierarchy1DLL\CUDAMathematicsFoundationArithmeticCore.cuh">
      <Filter>CUDAHeaderFileOfHierarchy1DLL</Filter>
    </ClInclude>
  </ItemGroup>
  <ItemGroup>
    <ClCompile Include="stdafx.cpp">
      <Filter>源文件</Filter>
    </ClCompile>
    <ClCompile Include="CUDABasebandReceiverAmplifierSaturation.cpp">
      <Filter>源文件</Filter>
    </ClCompile>
    <ClCompile Include="dllmain.cpp">
      <Filter>源文件</Filter>
    </ClCompile>
  </ItemGroup>
  <ItemGroup>
    <Library Include="..\CUDALibFileOfHierarchy1DLL\CUDAMathematicsFoundationArithmetic.lib">
      <Filter>资源文件\CUDALibFileOfHierarchy1DLL</Filter>
    </Library>
  </ItemGroup>
  <ItemGroup>
    <CudaCompile Include="..\CUDABasebandReceiverAmplifierSaturationAlgorithm\CUDABasebandReceiverAmplifierSaturationAlgorithmCore.cu">
      <Filter>CUDABasebandReceiverAmplifierSaturationAlgorithm\CUDABasebandReceiverAmplifierSaturationAlgorithmSourceFile</Filter>
    </CudaCompile>
  </ItemGroup>
</Project>