<?xml version="1.0" encoding="utf-8"?>
<Project ToolsVersion="4.0" xmlns="http://schemas.microsoft.com/developer/msbuild/2003">
  <ItemGroup>
    <Filter Include="源文件">
      <UniqueIdentifier>{4FC737F1-C7A5-4376-A066-2A32D752A2FF}</UniqueIdentifier>
      <Extensions>cpp;c;cc;cxx;def;odl;idl;hpj;bat;asm;asmx</Extensions>
    </Filter>
    <Filter Include="头文件">
      <UniqueIdentifier>{93995380-89BD-4b04-88EB-625FBE52EBFB}</UniqueIdentifier>
      <Extensions>h;hh;hpp;hxx;hm;inl;inc;xsd</Extensions>
    </Filter>
    <Filter Include="资源文件">
      <UniqueIdentifier>{67DA6AB6-F800-4c08-8B7A-83BB121AAD01}</UniqueIdentifier>
      <Extensions>rc;ico;cur;bmp;dlg;rc2;rct;bin;rgs;gif;jpg;jpeg;jpe;resx;tiff;tif;png;wav;mfcribbon-ms</Extensions>
    </Filter>
    <Filter Include="CUDAHeaderFile">
      <UniqueIdentifier>{70c51563-8e0d-44d6-9ca4-167f5cc88a85}</UniqueIdentifier>
    </Filter>
    <Filter Include="CUDAHeaderFileOfHierarchy1DLL">
      <UniqueIdentifier>{c004e69c-284d-49ef-8611-fa1373c8cf34}</UniqueIdentifier>
    </Filter>
    <Filter Include="CUDAInterruptedSamplingRepeaterJammingAlgorithm">
      <UniqueIdentifier>{56a6ca04-dca8-462e-85a0-9fc38c25f84a}</UniqueIdentifier>
    </Filter>
    <Filter Include="CUDAInterruptedSamplingRepeaterJammingAlgorithm\CUDAInterruptedSamplingRepeaterJammingAlgorithmHeaderFile">
      <UniqueIdentifier>{499e9a6c-2cbf-4c75-8b26-dee1afcf4b8b}</UniqueIdentifier>
    </Filter>
    <Filter Include="CUDAInterruptedSamplingRepeaterJammingAlgorithm\CUDAInterruptedSamplingRepeaterJammingAlgorithmSourceFile">
      <UniqueIdentifier>{1aeed8db-44b9-43db-9578-88ab29a21790}</UniqueIdentifier>
    </Filter>
    <Filter Include="资源文件\CUDALibFileOfHierarchy1DLL">
      <UniqueIdentifier>{3ea24df9-82f3-45bd-810b-54467e498381}</UniqueIdentifier>
    </Filter>
  </ItemGroup>
  <ItemGroup>
    <Text Include="ReadMe.txt" />
  </ItemGroup>
  <ItemGroup>
    <ClInclude Include="stdafx.h">
      <Filter>头文件</Filter>
    </ClInclude>
    <ClInclude Include="targetver.h">
      <Filter>头文件</Filter>
    </ClInclude>
    <ClInclude Include="CUDAInterruptedSamplingRepeaterJamming.h">
      <Filter>头文件</Filter>
    </ClInclude>
    <ClInclude Include="..\CUDAHeaderFile\helper_cuda.h">
      <Filter>CUDAHeaderFile</Filter>
    </ClInclude>
    <ClInclude Include="..\CUDAHeaderFile\helper_string.h">
      <Filter>CUDAHeaderFile</Filter>
    </ClInclude>
    <ClInclude Include="..\CUDAHeaderFileOfHierarchy1DLL\CUDAMathematicsFoundationArithmeticCore.cuh">
      <Filter>CUDAHeaderFileOfHierarchy1DLL</Filter>
    </ClInclude>
    <ClInclude Include="..\CUDAInterruptedSamplingRepeaterJammingAlgorithm\CUDAInterruptedSamplingRepeaterJammingAlgorithmCore.cuh">
      <Filter>CUDAInterruptedSamplingRepeaterJammingAlgorithm\CUDAInterruptedSamplingRepeaterJammingAlgorithmHeaderFile</Filter>
    </ClInclude>
  </ItemGroup>
  <ItemGroup>
    <ClCompile Include="stdafx.cpp">
      <Filter>源文件</Filter>
    </ClCompile>
    <ClCompile Include="CUDAInterruptedSamplingRepeaterJamming.cpp">
      <Filter>源文件</Filter>
    </ClCompile>
    <ClCompile Include="dllmain.cpp">
      <Filter>源文件</Filter>
    </ClCompile>
  </ItemGroup>
  <ItemGroup>
    <CudaCompile Include="..\CUDAInterruptedSamplingRepeaterJammingAlgorithm\CUDAInterruptedSamplingRepeaterJammingAlgorithmCore.cu">
      <Filter>CUDAInterruptedSamplingRepeaterJammingAlgorithm\CUDAInterruptedSamplingRepeaterJammingAlgorithmSourceFile</Filter>
    </CudaCompile>
  </ItemGroup>
  <ItemGroup>
    <Library Include="..\CUDALibFileOfHierarchy1DLL\CUDAMathematicsFoundationArithmetic.lib">
      <Filter>资源文件\CUDALibFileOfHierarchy1DLL</Filter>
    </Library>
  </ItemGroup>
</Project>