<?xml version="1.0" encoding="utf-8"?>
<Project ToolsVersion="4.0" xmlns="http://schemas.microsoft.com/developer/msbuild/2003">
  <ItemGroup>
    <Filter Include="源文件">
      <UniqueIdentifier>{4FC737F1-C7A5-4376-A066-2A32D752A2FF}</UniqueIdentifier>
      <Extensions>cpp;c;cc;cxx;def;odl;idl;hpj;bat;asm;asmx</Extensions>
    </Filter>
    <Filter Include="头文件">
      <UniqueIdentifier>{93995380-89BD-4b04-88EB-625FBE52EBFB}</UniqueIdentifier>
      <Extensions>h;hh;hpp;hxx;hm;inl;inc;xsd</Extensions>
    </Filter>
    <Filter Include="资源文件">
      <UniqueIdentifier>{67DA6AB6-F800-4c08-8B7A-83BB121AAD01}</UniqueIdentifier>
      <Extensions>rc;ico;cur;bmp;dlg;rc2;rct;bin;rgs;gif;jpg;jpeg;jpe;resx;tiff;tif;png;wav;mfcribbon-ms</Extensions>
    </Filter>
    <Filter Include="CUDAHeaderFile">
      <UniqueIdentifier>{43417c48-a806-4cf1-98a4-b4849df77c07}</UniqueIdentifier>
    </Filter>
    <Filter Include="CUDAHeaderFileOfHierarchy1DLL">
      <UniqueIdentifier>{bea59cdb-02a4-4755-b3b8-0442c91af2ec}</UniqueIdentifier>
    </Filter>
    <Filter Include="CUDANoiseFrequencyModulationJammingAlgorithm">
      <UniqueIdentifier>{4c65d61c-fdc4-4dfc-9bb1-094bfd87f465}</UniqueIdentifier>
    </Filter>
    <Filter Include="CUDANoiseFrequencyModulationJammingAlgorithm\CUDANoiseFrequencyModulationJammingAlgorithmHeaderFile">
      <UniqueIdentifier>{4727ab8a-9914-4443-9b1c-04de32d63d4a}</UniqueIdentifier>
    </Filter>
    <Filter Include="CUDANoiseFrequencyModulationJammingAlgorithm\CUDANoiseFrequencyModulationJammingAlgorithmSourceFile">
      <UniqueIdentifier>{0b62ff45-c1fa-419a-b646-aba716c36316}</UniqueIdentifier>
    </Filter>
    <Filter Include="资源文件\CUDALibFileOfHierarchy1DLL">
      <UniqueIdentifier>{fa268e1f-b84d-4fa6-93f0-fcb543b62b78}</UniqueIdentifier>
    </Filter>
  </ItemGroup>
  <ItemGroup>
    <Text Include="ReadMe.txt" />
  </ItemGroup>
  <ItemGroup>
    <ClInclude Include="stdafx.h">
      <Filter>头文件</Filter>
    </ClInclude>
    <ClInclude Include="targetver.h">
      <Filter>头文件</Filter>
    </ClInclude>
    <ClInclude Include="CUDANoiseFrequencyModulationJamming.h">
      <Filter>头文件</Filter>
    </ClInclude>
    <ClInclude Include="..\CUDAHeaderFile\helper_cuda.h">
      <Filter>CUDAHeaderFile</Filter>
    </ClInclude>
    <ClInclude Include="..\CUDAHeaderFile\helper_string.h">
      <Filter>CUDAHeaderFile</Filter>
    </ClInclude>
    <ClInclude Include="..\CUDAHeaderFileOfHierarchy1DLL\CUDAMathematicsFoundationArithmeticCore.cuh">
      <Filter>CUDAHeaderFileOfHierarchy1DLL</Filter>
    </ClInclude>
    <ClInclude Include="..\CUDANoiseFrequencyModulationJammingAlgorithm\CUDANoiseFrequencyModulationJammingAlgorithmCore.cuh">
      <Filter>CUDANoiseFrequencyModulationJammingAlgorithm\CUDANoiseFrequencyModulationJammingAlgorithmHeaderFile</Filter>
    </ClInclude>
  </ItemGroup>
  <ItemGroup>
    <ClCompile Include="stdafx.cpp">
      <Filter>源文件</Filter>
    </ClCompile>
    <ClCompile Include="CUDANoiseFrequencyModulationJamming.cpp">
      <Filter>源文件</Filter>
    </ClCompile>
    <ClCompile Include="dllmain.cpp">
      <Filter>源文件</Filter>
    </ClCompile>
  </ItemGroup>
  <ItemGroup>
    <CudaCompile Include="..\CUDANoiseFrequencyModulationJammingAlgorithm\CUDANoiseFrequencyModulationJammingAlgorithmCore.cu">
      <Filter>CUDANoiseFrequencyModulationJammingAlgorithm\CUDANoiseFrequencyModulationJammingAlgorithmSourceFile</Filter>
    </CudaCompile>
  </ItemGroup>
  <ItemGroup>
    <Library Include="..\CUDALibFileOfHierarchy1DLL\CUDAMathematicsFoundationArithmetic.lib">
      <Filter>资源文件\CUDALibFileOfHierarchy1DLL</Filter>
    </Library>
  </ItemGroup>
</Project>